
Microsoft Visual Studio Solution File, Format Version 12.00
# Visual Studio Version 17
VisualStudioVersion = 17.2.32602.215
MinimumVisualStudioVersion = 10.0.40219.1
Project("{9A19103F-16F7-4668-BE54-9A1E7A4F7556}") = "prenotazione-postazioni", "prenotazione-postazioni\prenotazione-postazioni.csproj", "{32492426-163F-4C08-B117-9F8B4FC2A703}"
EndProject
Project("{FAE04EC0-301F-11D3-BF4B-00C04F79EFBC}") = "prenotazioni-postazioni-api", "prenotazioni-postazioni-api\prenotazioni-postazioni-api.csproj", "{69E53831-5D1A-4B02-A91A-5F0ACA8F9E89}"
EndProject
Global
	GlobalSection(SolutionConfigurationPlatforms) = preSolution
		Debug|Any CPU = Debug|Any CPU
		Release|Any CPU = Release|Any CPU
	EndGlobalSection
	GlobalSection(ProjectConfigurationPlatforms) = postSolution
		{32492426-163F-4C08-B117-9F8B4FC2A703}.Debug|Any CPU.ActiveCfg = Debug|Any CPU
		{32492426-163F-4C08-B117-9F8B4FC2A703}.Debug|Any CPU.Build.0 = Debug|Any CPU
		{32492426-163F-4C08-B117-9F8B4FC2A703}.Release|Any CPU.ActiveCfg = Release|Any CPU
		{32492426-163F-4C08-B117-9F8B4FC2A703}.Release|Any CPU.Build.0 = Release|Any CPU
		{69E53831-5D1A-4B02-A91A-5F0ACA8F9E89}.Debug|Any CPU.ActiveCfg = Debug|Any CPU
		{69E53831-5D1A-4B02-A91A-5F0ACA8F9E89}.Debug|Any CPU.Build.0 = Debug|Any CPU
		{69E53831-5D1A-4B02-A91A-5F0ACA8F9E89}.Release|Any CPU.ActiveCfg = Release|Any CPU
		{69E53831-5D1A-4B02-A91A-5F0ACA8F9E89}.Release|Any CPU.Build.0 = Release|Any CPU
	EndGlobalSection
	GlobalSection(SolutionProperties) = preSolution
		HideSolutionNode = FALSE
	EndGlobalSection
	GlobalSection(ExtensibilityGlobals) = postSolution
		SolutionGuid = {EE486BEC-3B19-4396-B332-3655FE310587}
	EndGlobalSection
EndGlobal
